
Microsoft Visual Studio Solution File, Format Version 12.00
# Visual Studio Version 17
VisualStudioVersion = 17.7.34202.233
MinimumVisualStudioVersion = 10.0.40219.1
Project("{2150E333-8FDC-42A3-9474-1A3956D46DE8}") = "Domain", "Domain", "{58D27BC9-E296-410C-BFA1-C0BD7A32C5A8}"
EndProject
Project("{2150E333-8FDC-42A3-9474-1A3956D46DE8}") = "Microservices", "Microservices", "{ECD1F166-477E-46EB-9E78-99F578B94874}"
EndProject
Project("{2150E333-8FDC-42A3-9474-1A3956D46DE8}") = "Infra.bus", "Infra.bus", "{D4A92A5A-8627-4E1A-A46C-5B205B8DED97}"
EndProject
Project("{2150E333-8FDC-42A3-9474-1A3956D46DE8}") = "Infra.IOC", "Infra.IOC", "{6841B470-AD89-440E-B897-6B3D46A8C8B7}"
EndProject
Project("{2150E333-8FDC-42A3-9474-1A3956D46DE8}") = "Presentation", "Presentation", "{CD28CB00-F152-4640-84B0-7E9707A64412}"
EndProject
Project("{9A19103F-16F7-4668-BE54-9A1E7A4F7556}") = "MicroRabbit.Domain.Core", "MicroRabbit.Domain.Core\MicroRabbit.Domain.Core.csproj", "{C4CFD04E-D1C9-40F1-B382-7B787AB73835}"
EndProject
Project("{FAE04EC0-301F-11D3-BF4B-00C04F79EFBC}") = "MicroRabbit.Infra.Bus", "MicroRabbit.Infra.Bus\MicroRabbit.Infra.Bus.csproj", "{D1DB63D7-C2D8-4B88-AEEC-A61A8232B111}"
EndProject
Project("{FAE04EC0-301F-11D3-BF4B-00C04F79EFBC}") = "MicroRabbit.Infra.IoC", "MicroRabbit.Infra.IoC\MicroRabbit.Infra.IoC.csproj", "{D0800AFF-EBF2-4141-8F6B-506E6A3A2A30}"
EndProject
Project("{2150E333-8FDC-42A3-9474-1A3956D46DE8}") = "Banking", "Banking", "{E23D21E5-AB39-49A0-9BBD-DCB5A5722BE1}"
EndProject
Project("{2150E333-8FDC-42A3-9474-1A3956D46DE8}") = "Api", "Api", "{808C699A-D6C9-4B27-9F58-E39C5831B93B}"
EndProject
Project("{2150E333-8FDC-42A3-9474-1A3956D46DE8}") = "Domain", "Domain", "{302AAD6E-080F-459B-A8F9-5A15B934E225}"
EndProject
Project("{2150E333-8FDC-42A3-9474-1A3956D46DE8}") = "Application", "Application", "{524C03E7-22C2-469B-AA06-62F54FF13896}"
EndProject
Project("{2150E333-8FDC-42A3-9474-1A3956D46DE8}") = "Data", "Data", "{03A32408-666A-4E30-A11A-271306BE6188}"
EndProject
Project("{FAE04EC0-301F-11D3-BF4B-00C04F79EFBC}") = "MicroRabbit.Banking.Api", "MicroRabbit.Banking.Api\MicroRabbit.Banking.Api.csproj", "{7AFAF00B-D11A-413C-9CAF-F78D4CDD8B3D}"
EndProject
Project("{FAE04EC0-301F-11D3-BF4B-00C04F79EFBC}") = "MicroRabbit.Banking.Application", "MicroRabbit.Banking.Application\MicroRabbit.Banking.Application.csproj", "{1150F053-E9AC-40E6-917F-A44D18E77DCD}"
EndProject
Project("{FAE04EC0-301F-11D3-BF4B-00C04F79EFBC}") = "MicroRabbit.Banking.Data", "MicroRabbit.Banking.Data\MicroRabbit.Banking.Data.csproj", "{C8E39AF2-DE79-4843-AB24-D2A34DDE4DDB}"
EndProject
Project("{FAE04EC0-301F-11D3-BF4B-00C04F79EFBC}") = "MicroRabbit.Banking.Domain", "MicroRabbit.Banking.Domain\MicroRabbit.Banking.Domain.csproj", "{0EAD21A7-627D-45BD-890C-CC39DDBEAE90}"
EndProject
Global
	GlobalSection(SolutionConfigurationPlatforms) = preSolution
		Debug|Any CPU = Debug|Any CPU
		Release|Any CPU = Release|Any CPU
	EndGlobalSection
	GlobalSection(ProjectConfigurationPlatforms) = postSolution
		{C4CFD04E-D1C9-40F1-B382-7B787AB73835}.Debug|Any CPU.ActiveCfg = Debug|Any CPU
		{C4CFD04E-D1C9-40F1-B382-7B787AB73835}.Debug|Any CPU.Build.0 = Debug|Any CPU
		{C4CFD04E-D1C9-40F1-B382-7B787AB73835}.Release|Any CPU.ActiveCfg = Release|Any CPU
		{C4CFD04E-D1C9-40F1-B382-7B787AB73835}.Release|Any CPU.Build.0 = Release|Any CPU
		{D1DB63D7-C2D8-4B88-AEEC-A61A8232B111}.Debug|Any CPU.ActiveCfg = Debug|Any CPU
		{D1DB63D7-C2D8-4B88-AEEC-A61A8232B111}.Debug|Any CPU.Build.0 = Debug|Any CPU
		{D1DB63D7-C2D8-4B88-AEEC-A61A8232B111}.Release|Any CPU.ActiveCfg = Release|Any CPU
		{D1DB63D7-C2D8-4B88-AEEC-A61A8232B111}.Release|Any CPU.Build.0 = Release|Any CPU
		{D0800AFF-EBF2-4141-8F6B-506E6A3A2A30}.Debug|Any CPU.ActiveCfg = Debug|Any CPU
		{D0800AFF-EBF2-4141-8F6B-506E6A3A2A30}.Debug|Any CPU.Build.0 = Debug|Any CPU
		{D0800AFF-EBF2-4141-8F6B-506E6A3A2A30}.Release|Any CPU.ActiveCfg = Release|Any CPU
		{D0800AFF-EBF2-4141-8F6B-506E6A3A2A30}.Release|Any CPU.Build.0 = Release|Any CPU
		{7AFAF00B-D11A-413C-9CAF-F78D4CDD8B3D}.Debug|Any CPU.ActiveCfg = Debug|Any CPU
		{7AFAF00B-D11A-413C-9CAF-F78D4CDD8B3D}.Debug|Any CPU.Build.0 = Debug|Any CPU
		{7AFAF00B-D11A-413C-9CAF-F78D4CDD8B3D}.Release|Any CPU.ActiveCfg = Release|Any CPU
		{7AFAF00B-D11A-413C-9CAF-F78D4CDD8B3D}.Release|Any CPU.Build.0 = Release|Any CPU
		{1150F053-E9AC-40E6-917F-A44D18E77DCD}.Debug|Any CPU.ActiveCfg = Debug|Any CPU
		{1150F053-E9AC-40E6-917F-A44D18E77DCD}.Debug|Any CPU.Build.0 = Debug|Any CPU
		{1150F053-E9AC-40E6-917F-A44D18E77DCD}.Release|Any CPU.ActiveCfg = Release|Any CPU
		{1150F053-E9AC-40E6-917F-A44D18E77DCD}.Release|Any CPU.Build.0 = Release|Any CPU
		{C8E39AF2-DE79-4843-AB24-D2A34DDE4DDB}.Debug|Any CPU.ActiveCfg = Debug|Any CPU
		{C8E39AF2-DE79-4843-AB24-D2A34DDE4DDB}.Debug|Any CPU.Build.0 = Debug|Any CPU
		{C8E39AF2-DE79-4843-AB24-D2A34DDE4DDB}.Release|Any CPU.ActiveCfg = Release|Any CPU
		{C8E39AF2-DE79-4843-AB24-D2A34DDE4DDB}.Release|Any CPU.Build.0 = Release|Any CPU
		{0EAD21A7-627D-45BD-890C-CC39DDBEAE90}.Debug|Any CPU.ActiveCfg = Debug|Any CPU
		{0EAD21A7-627D-45BD-890C-CC39DDBEAE90}.Debug|Any CPU.Build.0 = Debug|Any CPU
		{0EAD21A7-627D-45BD-890C-CC39DDBEAE90}.Release|Any CPU.ActiveCfg = Release|Any CPU
		{0EAD21A7-627D-45BD-890C-CC39DDBEAE90}.Release|Any CPU.Build.0 = Release|Any CPU
	EndGlobalSection
	GlobalSection(SolutionProperties) = preSolution
		HideSolutionNode = FALSE
	EndGlobalSection
	GlobalSection(NestedProjects) = preSolution
		{C4CFD04E-D1C9-40F1-B382-7B787AB73835} = {58D27BC9-E296-410C-BFA1-C0BD7A32C5A8}
		{D1DB63D7-C2D8-4B88-AEEC-A61A8232B111} = {D4A92A5A-8627-4E1A-A46C-5B205B8DED97}
		{D0800AFF-EBF2-4141-8F6B-506E6A3A2A30} = {6841B470-AD89-440E-B897-6B3D46A8C8B7}
		{E23D21E5-AB39-49A0-9BBD-DCB5A5722BE1} = {ECD1F166-477E-46EB-9E78-99F578B94874}
		{808C699A-D6C9-4B27-9F58-E39C5831B93B} = {E23D21E5-AB39-49A0-9BBD-DCB5A5722BE1}
		{302AAD6E-080F-459B-A8F9-5A15B934E225} = {E23D21E5-AB39-49A0-9BBD-DCB5A5722BE1}
		{524C03E7-22C2-469B-AA06-62F54FF13896} = {E23D21E5-AB39-49A0-9BBD-DCB5A5722BE1}
		{03A32408-666A-4E30-A11A-271306BE6188} = {E23D21E5-AB39-49A0-9BBD-DCB5A5722BE1}
		{7AFAF00B-D11A-413C-9CAF-F78D4CDD8B3D} = {808C699A-D6C9-4B27-9F58-E39C5831B93B}
		{1150F053-E9AC-40E6-917F-A44D18E77DCD} = {524C03E7-22C2-469B-AA06-62F54FF13896}
		{C8E39AF2-DE79-4843-AB24-D2A34DDE4DDB} = {03A32408-666A-4E30-A11A-271306BE6188}
		{0EAD21A7-627D-45BD-890C-CC39DDBEAE90} = {302AAD6E-080F-459B-A8F9-5A15B934E225}
	EndGlobalSection
	GlobalSection(ExtensibilityGlobals) = postSolution
		SolutionGuid = {819AAB43-DC20-457E-B933-E4EA3539D0F2}
	EndGlobalSection
EndGlobal
